# THIS IS AN AUTOGENERATED FILE. DO NOT EDIT THIS FILE DIRECTLY.
# yarn lockfile v1


"@editorjs/editorjs@^2.15.0":
  version "2.15.0"
  resolved "https://registry.yarnpkg.com/@editorjs/editorjs/-/editorjs-2.15.0.tgz#7bb1cd38863e613be904a7e3d048a99590c9f5d9"
  integrity sha512-qMuoihMgqlS6HAOQM+rAusmsByYW83kEL+PKn75DLTQh6BD5GbXt21rAotaMRuGOKl+pXoruq1etz/QNgIBCFA==
  dependencies:
    codex-notifier "^1.1.2"

"@lapress/frontend-core@^0.0.1":
  version "0.0.1"
  resolved "https://registry.yarnpkg.com/@lapress/frontend-core/-/frontend-core-0.0.1.tgz#7d023295523b04ab152e2be6cf577202aee59030"
  integrity sha512-OklUcPU/qqBhn7X28DRrQnjAVv6JBDYSbVgNJvHygNpKvHCEMxsJ2UaOS73FpeOBpgJ5tiISeySlRH6GV1LTNA==
  dependencies:
    vue-blu "^0.1.9"

bulma@^0.2.3:
  version "0.2.3"
  resolved "https://registry.yarnpkg.com/bulma/-/bulma-0.2.3.tgz#086394c65e74aa8081e658bdcf6742f81107936e"
  integrity sha1-CGOUxl50qoCB5li9z2dC+BEHk24=

codex-notifier@^1.1.2:
  version "1.1.2"
  resolved "https://registry.yarnpkg.com/codex-notifier/-/codex-notifier-1.1.2.tgz#a733079185f4c927fa296f1d71eb8753fe080895"
  integrity sha512-DCp6xe/LGueJ1N5sXEwcBc3r3PyVkEEDNWCVigfvywAkeXcZMk9K41a31tkEFBW0Ptlwji6/JlAb49E3Yrxbtg==

flatpickr@^2.2.4:
  version "2.6.3"
  resolved "https://registry.yarnpkg.com/flatpickr/-/flatpickr-2.6.3.tgz#457357532deb135f3da64b425bf4435737961564"
  integrity sha1-RXNXUy3rE189pktCW/RDVzeWFWQ=

font-awesome@^4.7.0:
  version "4.7.0"
  resolved "https://registry.yarnpkg.com/font-awesome/-/font-awesome-4.7.0.tgz#8fa8cf0411a1a31afd07b06d2902bb9fc815a133"
  integrity sha1-j6jPBBGhoxr9B7BtKQK7n8gVoTM=

jump.js@^1.0.1:
  version "1.0.2"
  resolved "https://registry.yarnpkg.com/jump.js/-/jump.js-1.0.2.tgz#e0641b47f40a38f2139c25fda0500bf28e43015a"
  integrity sha1-4GQbR/QKOPITnCX9oFAL8o5DAVo=

lodash.merge@^4.6.2:
  version "4.6.2"
  resolved "https://registry.yarnpkg.com/lodash.merge/-/lodash.merge-4.6.2.tgz#558aa53b43b661e1925a0afdfa36a9a1085fe57a"
  integrity sha512-0KpjqXRVvrYyCsX1swR/XTK0va6VQkQM6MNo7PqW77ByjAhoARA8EfrP1N4+KlKj8YS0ZUCtRT/YUuhyYDujIQ==

lodash@^4.17.2:
  version "4.17.21"
  resolved "https://registry.yarnpkg.com/lodash/-/lodash-4.17.21.tgz#679591c564c3bffaae8454cf0b3df370c3d6911c"
  integrity sha512-v2kDEe57lecTulaDIuNTPy3Ry4gLGJ6Z1O3vE1krgXZNrsQ+LFTGHVxVjcXPs17LhbZVGedAJv8XZ1tvj5FvSg==

popper.js@^0.6.4:
  version "0.6.4"
  resolved "https://registry.yarnpkg.com/popper.js/-/popper.js-0.6.4.tgz#1837c4760af54d2bb20b66f9c09b92993d84c629"
  integrity sha1-GDfEdgr1TSuyC2b5wJuSmT2Exik=

sortablejs@^1.9.0:
  version "1.9.0"
  resolved "https://registry.yarnpkg.com/sortablejs/-/sortablejs-1.9.0.tgz#2d1e74ae6bac2cb4ad0622908f340848969eb88d"
  integrity sha512-Ot6bYJ6PoqPmpsqQYXjn1+RKrY2NWQvQt/o4jfd/UYwVWndyO5EPO8YHbnm5HIykf8ENsm4JUrdAvolPT86yYA==

uuid@^3.3.3:
  version "3.3.3"
  resolved "https://registry.yarnpkg.com/uuid/-/uuid-3.3.3.tgz#4568f0216e78760ee1dbf3a4d2cf53e224112866"
  integrity sha512-pW0No1RGHgzlpHJO1nsVrHKpOEIxkGg1xB+v0ZmdNH5OAeAwzAVrCnI2/6Mtx+Uys6iaylxa+D3g4j63IKKjSQ==

vue-blu@^0.1.9:
  version "0.1.9"
  resolved "https://registry.yarnpkg.com/vue-blu/-/vue-blu-0.1.9.tgz#054c04686dd2688979741550aa5e560a683ff90c"
  integrity sha1-BUwEaG3SaIl5dBVQql5WCmg/+Qw=
  dependencies:
    bulma "^0.2.3"
    flatpickr "^2.2.4"
    font-awesome "^4.7.0"
    jump.js "^1.0.1"
    lodash "^4.17.2"
    popper.js "^0.6.4"
    vue "^2.1.10"

vue@^2.1.10:
  version "2.6.10"
  resolved "https://registry.yarnpkg.com/vue/-/vue-2.6.10.tgz#a72b1a42a4d82a721ea438d1b6bf55e66195c637"
  integrity sha512-ImThpeNU9HbdZL3utgMCq0oiMzAkt1mcgy3/E6zWC/G6AaQoeuFdsl9nDhTDU3X1R6FK7nsIUuRACVcjI+A2GQ==

vuedraggable@^2.23.0:
  version "2.23.0"
  resolved "https://registry.yarnpkg.com/vuedraggable/-/vuedraggable-2.23.0.tgz#1f4a5a601675a5dbf0d96ee61aebfffa43445262"
  integrity sha512-RgdH16k43WNoxyRcv/OarB/DZh9SY5TYthk9TS4YiHXpelD1DytEG0phLAXiXx5EhsmdH8ltSWxklGa4g1WTCw==
  dependencies:
    sortablejs "^1.9.0"
